<Solution>
  <Folder Name="/src/">
    <Project Path="src/GearUp.Api/GearUp.Api.csproj" Id="06871ac6-d685-4dd6-8576-84f2530e4543" />
    <Project Path="src/GearUp.Application/GearUp.Application.csproj" />
    <Project Path="src/GearUp.Domain/GearUp.Domain.csproj" />
    <Project Path="src/GearUp.Infrastructure/GearUp.Infrastructure.csproj" />
  </Folder>
  <Folder Name="/tests/">
    <Project Path="tests/GearUp.Api.IntegrationTests/GearUp.Api.IntegrationTests.csproj" />
    <Project Path="tests/GearUp.Application.UnitTests/GearUp.Application.UnitTests.csproj" />
    <Project Path="tests/GearUp.Domain.UnitTests/GearUp.Domain.UnitTests.csproj" />
  </Folder>
</Solution>
